// !$*UTF8*$!
{
	archiveVersion = 1;
	classes = {
	};
	objectVersion = 48;
	objects = {

/* Begin PBXBuildFile section */
		830F10CF2034055E000516A9 /* ViperCase.swift in Sources */ = {isa = PBXBuildFile; fileRef = 830F10CE2034055E000516A9 /* ViperCase.swift */; };
		830F10DD20381BAB000516A9 /* AppDelegate.swift in Sources */ = {isa = PBXBuildFile; fileRef = 830F10DB20381BAB000516A9 /* AppDelegate.swift */; };
		830F10E120381CC9000516A9 /* Default-568h@2x.png in Resources */ = {isa = PBXBuildFile; fileRef = 830F10E020381CC9000516A9 /* Default-568h@2x.png */; };
		830F10E220381D9D000516A9 /* LaunchScreen.storyboard in Resources */ = {isa = PBXBuildFile; fileRef = 830F10C22034055E000516A9 /* LaunchScreen.storyboard */; };
		830F10E320381DA3000516A9 /* Assets.xcassets in Resources */ = {isa = PBXBuildFile; fileRef = 830F10C02034055E000516A9 /* Assets.xcassets */; };
		830F10E52038260D000516A9 /* AppDependencies.swift in Sources */ = {isa = PBXBuildFile; fileRef = 830F10E42038260D000516A9 /* AppDependencies.swift */; };
		8311DD10204BC02300397BB4 /* ListModuleInterface.swift in Sources */ = {isa = PBXBuildFile; fileRef = 8311DD0F204BC02300397BB4 /* ListModuleInterface.swift */; };
		8311DD12204BFB0B00397BB4 /* UpcomingDisplayData.swift in Sources */ = {isa = PBXBuildFile; fileRef = 8311DD11204BFB0B00397BB4 /* UpcomingDisplayData.swift */; };
		8336AB8C208B25D500C28A00 /* ListPresenter.swift in Sources */ = {isa = PBXBuildFile; fileRef = 8336AB8B208B25D500C28A00 /* ListPresenter.swift */; };
		8336AB8E208B268600C28A00 /* ListInteractorIO.swift in Sources */ = {isa = PBXBuildFile; fileRef = 8336AB8D208B268600C28A00 /* ListInteractorIO.swift */; };
		8336AB90208B45A300C28A00 /* ListInteractor.swift in Sources */ = {isa = PBXBuildFile; fileRef = 8336AB8F208B45A300C28A00 /* ListInteractor.swift */; };
		8336AB94208CA0F200C28A00 /* UpcomingItem.swift in Sources */ = {isa = PBXBuildFile; fileRef = 8336AB93208CA0F200C28A00 /* UpcomingItem.swift */; };
		8336AB98208D826F00C28A00 /* UpcomingDisplayDataCollector.swift in Sources */ = {isa = PBXBuildFile; fileRef = 8336AB97208D826F00C28A00 /* UpcomingDisplayDataCollector.swift */; };
		8336AB9C208ECB4300C28A00 /* AddWireframe.swift in Sources */ = {isa = PBXBuildFile; fileRef = 8336AB9B208ECB4300C28A00 /* AddWireframe.swift */; };
		8336ABA0208ECC0800C28A00 /* AddViewController.swift in Sources */ = {isa = PBXBuildFile; fileRef = 8336AB9F208ECC0800C28A00 /* AddViewController.swift */; };
		8336ABA3208ECC4700C28A00 /* AddModuleInterface.swift in Sources */ = {isa = PBXBuildFile; fileRef = 8336ABA2208ECC4700C28A00 /* AddModuleInterface.swift */; };
		8336ABA5208ECC8400C28A00 /* AddModuleDelegateInterface.swift in Sources */ = {isa = PBXBuildFile; fileRef = 8336ABA4208ECC8400C28A00 /* AddModuleDelegateInterface.swift */; };
		8336ABA7208ECD1F00C28A00 /* AddViewInterface.swift in Sources */ = {isa = PBXBuildFile; fileRef = 8336ABA6208ECD1F00C28A00 /* AddViewInterface.swift */; };
		8336ABAA208F034700C28A00 /* AddPresenter.swift in Sources */ = {isa = PBXBuildFile; fileRef = 8336ABA9208F034700C28A00 /* AddPresenter.swift */; };
		8336ABAF208F047F00C28A00 /* AddInteractor.swift in Sources */ = {isa = PBXBuildFile; fileRef = 8336ABAE208F047F00C28A00 /* AddInteractor.swift */; };
		8336ABB1208F04F900C28A00 /* AddDataManager.swift in Sources */ = {isa = PBXBuildFile; fileRef = 8336ABB0208F04F900C28A00 /* AddDataManager.swift */; };
		8336ABB42090146700C28A00 /* AddDismissalTransition.swift in Sources */ = {isa = PBXBuildFile; fileRef = 8336ABB32090146700C28A00 /* AddDismissalTransition.swift */; };
		8336ABB620901FA300C28A00 /* AddPresentationTransition.swift in Sources */ = {isa = PBXBuildFile; fileRef = 8336ABB520901FA300C28A00 /* AddPresentationTransition.swift */; };
		8336ABB82091DA7E00C28A00 /* UIImage+ImageEffect.swift in Sources */ = {isa = PBXBuildFile; fileRef = 8336ABB72091DA7E00C28A00 /* UIImage+ImageEffect.swift */; };
		8357DA5620481F0000B4C29A /* Calendar+CalendarAdditions.swift in Sources */ = {isa = PBXBuildFile; fileRef = 8357DA5520481F0000B4C29A /* Calendar+CalendarAdditions.swift */; };
		8357DA592048DDCE00B4C29A /* Array+HOM.swift in Sources */ = {isa = PBXBuildFile; fileRef = 8357DA582048DDCE00B4C29A /* Array+HOM.swift */; };
		836CB05C2043D3760020376D /* RootWireframe.swift in Sources */ = {isa = PBXBuildFile; fileRef = 836CB05B2043D3760020376D /* RootWireframe.swift */; };
		836CB05F2043D5320020376D /* ListWireframe.swift in Sources */ = {isa = PBXBuildFile; fileRef = 836CB05E2043D5320020376D /* ListWireframe.swift */; };
		836CB063204426610020376D /* TodoItem.swift in Sources */ = {isa = PBXBuildFile; fileRef = 836CB062204426610020376D /* TodoItem.swift */; };
		836CB066204427F70020376D /* NearTermDateRelation.swift in Sources */ = {isa = PBXBuildFile; fileRef = 836CB065204427F70020376D /* NearTermDateRelation.swift */; };
		836CB0682044DFB80020376D /* CoreDataStore.swift in Sources */ = {isa = PBXBuildFile; fileRef = 836CB0672044DFB80020376D /* CoreDataStore.swift */; };
		836CB06B204521F40020376D /* ManagedTodoItem.swift in Sources */ = {isa = PBXBuildFile; fileRef = 836CB06A204521F40020376D /* ManagedTodoItem.swift */; };
		836CB06E204526A50020376D /* TODO.xcdatamodeld in Sources */ = {isa = PBXBuildFile; fileRef = 836CB06C204526A50020376D /* TODO.xcdatamodeld */; };
		836CB09620467FA20020376D /* ListDataManager.swift in Sources */ = {isa = PBXBuildFile; fileRef = 836CB09520467FA20020376D /* ListDataManager.swift */; };
		836EFEAC203EF8CE0084B86E /* Main.storyboard in Resources */ = {isa = PBXBuildFile; fileRef = 836EFEAB203EF8CE0084B86E /* Main.storyboard */; };
		836EFEB2203EFE760084B86E /* ListViewController.swift in Sources */ = {isa = PBXBuildFile; fileRef = 836EFEB1203EFE760084B86E /* ListViewController.swift */; };
		836EFEB4203EFE950084B86E /* ListViewInterface.swift in Sources */ = {isa = PBXBuildFile; fileRef = 836EFEB3203EFE950084B86E /* ListViewInterface.swift */; };
		8399E943204D68A000AF7C2A /* UpcomingDisplaySection.swift in Sources */ = {isa = PBXBuildFile; fileRef = 8399E942204D68A000AF7C2A /* UpcomingDisplaySection.swift */; };
		8399E945204E215E00AF7C2A /* UpcomingDisplayItem.swift in Sources */ = {isa = PBXBuildFile; fileRef = 8399E944204E215E00AF7C2A /* UpcomingDisplayItem.swift */; };
		83D547FC204AE8A7005D55B2 /* Array+HOM-Case.swift in Sources */ = {isa = PBXBuildFile; fileRef = 83D547FB204AE8A7005D55B2 /* Array+HOM-Case.swift */; };
/* End PBXBuildFile section */

/* Begin PBXContainerItemProxy section */
		830F10CB2034055E000516A9 /* PBXContainerItemProxy */ = {
			isa = PBXContainerItemProxy;
			containerPortal = 830F10AE2034055E000516A9 /* Project object */;
			proxyType = 1;
			remoteGlobalIDString = 830F10B52034055E000516A9;
			remoteInfo = case;
		};
/* End PBXContainerItemProxy section */

/* Begin PBXFileReference section */
		830F10B62034055E000516A9 /* ViperCase.app */ = {isa = PBXFileReference; explicitFileType = wrapper.application; includeInIndex = 0; path = ViperCase.app; sourceTree = BUILT_PRODUCTS_DIR; };
		830F10C02034055E000516A9 /* Assets.xcassets */ = {isa = PBXFileReference; lastKnownFileType = folder.assetcatalog; path = Assets.xcassets; sourceTree = "<group>"; };
		830F10C32034055E000516A9 /* Base */ = {isa = PBXFileReference; lastKnownFileType = file.storyboard; name = Base; path = Base.lproj/LaunchScreen.storyboard; sourceTree = "<group>"; };
		830F10C52034055E000516A9 /* Info.plist */ = {isa = PBXFileReference; lastKnownFileType = text.plist.xml; path = Info.plist; sourceTree = "<group>"; };
		830F10CA2034055E000516A9 /* ViperCaseTests.xctest */ = {isa = PBXFileReference; explicitFileType = wrapper.cfbundle; includeInIndex = 0; path = ViperCaseTests.xctest; sourceTree = BUILT_PRODUCTS_DIR; };
		830F10CE2034055E000516A9 /* ViperCase.swift */ = {isa = PBXFileReference; lastKnownFileType = sourcecode.swift; path = ViperCase.swift; sourceTree = "<group>"; };
		830F10D02034055E000516A9 /* Info.plist */ = {isa = PBXFileReference; lastKnownFileType = text.plist.xml; path = Info.plist; sourceTree = "<group>"; };
		830F10DB20381BAB000516A9 /* AppDelegate.swift */ = {isa = PBXFileReference; fileEncoding = 4; lastKnownFileType = sourcecode.swift; path = AppDelegate.swift; sourceTree = "<group>"; };
		830F10E020381CC9000516A9 /* Default-568h@2x.png */ = {isa = PBXFileReference; lastKnownFileType = image.png; path = "Default-568h@2x.png"; sourceTree = "<group>"; };
		830F10E42038260D000516A9 /* AppDependencies.swift */ = {isa = PBXFileReference; lastKnownFileType = sourcecode.swift; path = AppDependencies.swift; sourceTree = "<group>"; };
		8311DD0F204BC02300397BB4 /* ListModuleInterface.swift */ = {isa = PBXFileReference; lastKnownFileType = sourcecode.swift; path = ListModuleInterface.swift; sourceTree = "<group>"; };
		8311DD11204BFB0B00397BB4 /* UpcomingDisplayData.swift */ = {isa = PBXFileReference; lastKnownFileType = sourcecode.swift; path = UpcomingDisplayData.swift; sourceTree = "<group>"; };
		8336AB8B208B25D500C28A00 /* ListPresenter.swift */ = {isa = PBXFileReference; lastKnownFileType = sourcecode.swift; path = ListPresenter.swift; sourceTree = "<group>"; };
		8336AB8D208B268600C28A00 /* ListInteractorIO.swift */ = {isa = PBXFileReference; lastKnownFileType = sourcecode.swift; path = ListInteractorIO.swift; sourceTree = "<group>"; };
		8336AB8F208B45A300C28A00 /* ListInteractor.swift */ = {isa = PBXFileReference; lastKnownFileType = sourcecode.swift; path = ListInteractor.swift; sourceTree = "<group>"; };
		8336AB93208CA0F200C28A00 /* UpcomingItem.swift */ = {isa = PBXFileReference; lastKnownFileType = sourcecode.swift; path = UpcomingItem.swift; sourceTree = "<group>"; };
		8336AB97208D826F00C28A00 /* UpcomingDisplayDataCollector.swift */ = {isa = PBXFileReference; lastKnownFileType = sourcecode.swift; path = UpcomingDisplayDataCollector.swift; sourceTree = "<group>"; };
		8336AB9B208ECB4300C28A00 /* AddWireframe.swift */ = {isa = PBXFileReference; lastKnownFileType = sourcecode.swift; path = AddWireframe.swift; sourceTree = "<group>"; };
		8336AB9F208ECC0800C28A00 /* AddViewController.swift */ = {isa = PBXFileReference; lastKnownFileType = sourcecode.swift; path = AddViewController.swift; sourceTree = "<group>"; };
		8336ABA2208ECC4700C28A00 /* AddModuleInterface.swift */ = {isa = PBXFileReference; lastKnownFileType = sourcecode.swift; path = AddModuleInterface.swift; sourceTree = "<group>"; };
		8336ABA4208ECC8400C28A00 /* AddModuleDelegateInterface.swift */ = {isa = PBXFileReference; lastKnownFileType = sourcecode.swift; path = AddModuleDelegateInterface.swift; sourceTree = "<group>"; };
		8336ABA6208ECD1F00C28A00 /* AddViewInterface.swift */ = {isa = PBXFileReference; lastKnownFileType = sourcecode.swift; path = AddViewInterface.swift; sourceTree = "<group>"; };
		8336ABA9208F034700C28A00 /* AddPresenter.swift */ = {isa = PBXFileReference; lastKnownFileType = sourcecode.swift; path = AddPresenter.swift; sourceTree = "<group>"; };
		8336ABAE208F047F00C28A00 /* AddInteractor.swift */ = {isa = PBXFileReference; lastKnownFileType = sourcecode.swift; path = AddInteractor.swift; sourceTree = "<group>"; };
		8336ABB0208F04F900C28A00 /* AddDataManager.swift */ = {isa = PBXFileReference; lastKnownFileType = sourcecode.swift; path = AddDataManager.swift; sourceTree = "<group>"; };
		8336ABB32090146700C28A00 /* AddDismissalTransition.swift */ = {isa = PBXFileReference; lastKnownFileType = sourcecode.swift; path = AddDismissalTransition.swift; sourceTree = "<group>"; };
		8336ABB520901FA300C28A00 /* AddPresentationTransition.swift */ = {isa = PBXFileReference; lastKnownFileType = sourcecode.swift; path = AddPresentationTransition.swift; sourceTree = "<group>"; };
		8336ABB72091DA7E00C28A00 /* UIImage+ImageEffect.swift */ = {isa = PBXFileReference; lastKnownFileType = sourcecode.swift; path = "UIImage+ImageEffect.swift"; sourceTree = "<group>"; };
		8357DA5520481F0000B4C29A /* Calendar+CalendarAdditions.swift */ = {isa = PBXFileReference; lastKnownFileType = sourcecode.swift; path = "Calendar+CalendarAdditions.swift"; sourceTree = "<group>"; };
		8357DA582048DDCE00B4C29A /* Array+HOM.swift */ = {isa = PBXFileReference; lastKnownFileType = sourcecode.swift; path = "Array+HOM.swift"; sourceTree = "<group>"; };
		836CB05B2043D3760020376D /* RootWireframe.swift */ = {isa = PBXFileReference; lastKnownFileType = sourcecode.swift; path = RootWireframe.swift; sourceTree = "<group>"; };
		836CB05E2043D5320020376D /* ListWireframe.swift */ = {isa = PBXFileReference; lastKnownFileType = sourcecode.swift; path = ListWireframe.swift; sourceTree = "<group>"; };
		836CB062204426610020376D /* TodoItem.swift */ = {isa = PBXFileReference; lastKnownFileType = sourcecode.swift; path = TodoItem.swift; sourceTree = "<group>"; };
		836CB065204427F70020376D /* NearTermDateRelation.swift */ = {isa = PBXFileReference; lastKnownFileType = sourcecode.swift; path = NearTermDateRelation.swift; sourceTree = "<group>"; };
		836CB0672044DFB80020376D /* CoreDataStore.swift */ = {isa = PBXFileReference; lastKnownFileType = sourcecode.swift; path = CoreDataStore.swift; sourceTree = "<group>"; };
		836CB06A204521F40020376D /* ManagedTodoItem.swift */ = {isa = PBXFileReference; lastKnownFileType = sourcecode.swift; path = ManagedTodoItem.swift; sourceTree = "<group>"; };
		836CB06D204526A50020376D /* TODO.xcdatamodel */ = {isa = PBXFileReference; lastKnownFileType = wrapper.xcdatamodel; path = TODO.xcdatamodel; sourceTree = "<group>"; };
		836CB070204526ED0020376D /* CoreData.framework */ = {isa = PBXFileReference; lastKnownFileType = wrapper.framework; name = CoreData.framework; path = System/Library/Frameworks/CoreData.framework; sourceTree = SDKROOT; };
		836CB09520467FA20020376D /* ListDataManager.swift */ = {isa = PBXFileReference; lastKnownFileType = sourcecode.swift; path = ListDataManager.swift; sourceTree = "<group>"; };
		836EFEAB203EF8CE0084B86E /* Main.storyboard */ = {isa = PBXFileReference; lastKnownFileType = file.storyboard; path = Main.storyboard; sourceTree = "<group>"; };
		836EFEB1203EFE760084B86E /* ListViewController.swift */ = {isa = PBXFileReference; lastKnownFileType = sourcecode.swift; path = ListViewController.swift; sourceTree = "<group>"; };
		836EFEB3203EFE950084B86E /* ListViewInterface.swift */ = {isa = PBXFileReference; lastKnownFileType = sourcecode.swift; path = ListViewInterface.swift; sourceTree = "<group>"; };
		8399E942204D68A000AF7C2A /* UpcomingDisplaySection.swift */ = {isa = PBXFileReference; lastKnownFileType = sourcecode.swift; path = UpcomingDisplaySection.swift; sourceTree = "<group>"; };
		8399E944204E215E00AF7C2A /* UpcomingDisplayItem.swift */ = {isa = PBXFileReference; lastKnownFileType = sourcecode.swift; path = UpcomingDisplayItem.swift; sourceTree = "<group>"; };
		83D547FB204AE8A7005D55B2 /* Array+HOM-Case.swift */ = {isa = PBXFileReference; lastKnownFileType = sourcecode.swift; path = "Array+HOM-Case.swift"; sourceTree = "<group>"; };
/* End PBXFileReference section */

/* Begin PBXFrameworksBuildPhase section */
		830F10B32034055E000516A9 /* Frameworks */ = {
			isa = PBXFrameworksBuildPhase;
			buildActionMask = 2147483647;
			files = (
			);
			runOnlyForDeploymentPostprocessing = 0;
		};
		830F10C72034055E000516A9 /* Frameworks */ = {
			isa = PBXFrameworksBuildPhase;
			buildActionMask = 2147483647;
			files = (
			);
			runOnlyForDeploymentPostprocessing = 0;
		};
/* End PBXFrameworksBuildPhase section */

/* Begin PBXGroup section */
		830F10AD2034055E000516A9 = {
			isa = PBXGroup;
			children = (
				830F10B82034055E000516A9 /* ViperCase */,
				830F10CD2034055E000516A9 /* ViperCaseTests */,
				830F10B72034055E000516A9 /* Products */,
				836CB06F204526ED0020376D /* Frameworks */,
			);
			sourceTree = "<group>";
		};
		830F10B72034055E000516A9 /* Products */ = {
			isa = PBXGroup;
			children = (
				830F10B62034055E000516A9 /* ViperCase.app */,
				830F10CA2034055E000516A9 /* ViperCaseTests.xctest */,
			);
			name = Products;
			sourceTree = "<group>";
		};
		830F10B82034055E000516A9 /* ViperCase */ = {
			isa = PBXGroup;
			children = (
				830F10DF20381C86000516A9 /* Supporting Files */,
				830F10DA20381B6E000516A9 /* Resources */,
				830F10D920381B21000516A9 /* Classes */,
			);
			path = ViperCase;
			sourceTree = "<group>";
		};
		830F10CD2034055E000516A9 /* ViperCaseTests */ = {
			isa = PBXGroup;
			children = (
				830F10CE2034055E000516A9 /* ViperCase.swift */,
				830F10D02034055E000516A9 /* Info.plist */,
				83D547FB204AE8A7005D55B2 /* Array+HOM-Case.swift */,
			);
			path = ViperCaseTests;
			sourceTree = "<group>";
		};
		830F10D920381B21000516A9 /* Classes */ = {
			isa = PBXGroup;
			children = (
				836CB0592043D3560020376D /* Common */,
				836EFEAD203EFE220084B86E /* Modules */,
				830F10DB20381BAB000516A9 /* AppDelegate.swift */,
				830F10E42038260D000516A9 /* AppDependencies.swift */,
			);
			path = Classes;
			sourceTree = "<group>";
		};
		830F10DA20381B6E000516A9 /* Resources */ = {
			isa = PBXGroup;
			children = (
				830F10E020381CC9000516A9 /* Default-568h@2x.png */,
				830F10C22034055E000516A9 /* LaunchScreen.storyboard */,
				830F10C02034055E000516A9 /* Assets.xcassets */,
				836EFEAB203EF8CE0084B86E /* Main.storyboard */,
			);
			path = Resources;
			sourceTree = "<group>";
		};
		830F10DF20381C86000516A9 /* Supporting Files */ = {
			isa = PBXGroup;
			children = (
				830F10C52034055E000516A9 /* Info.plist */,
			);
			path = "Supporting Files";
			sourceTree = "<group>";
		};
		8311DD13204C011F00397BB4 /* Interface */ = {
			isa = PBXGroup;
			children = (
			);
			path = Interface;
			sourceTree = "<group>";
		};
		8336AB99208ECB2100C28A00 /* Add */ = {
			isa = PBXGroup;
			children = (
				8336ABAB208F046000C28A00 /* Application Logic */,
				8336ABA1208ECC2300C28A00 /* Module Interface */,
				8336AB9D208ECBC800C28A00 /* User Interface */,
			);
			path = Add;
			sourceTree = "<group>";
		};
		8336AB9A208ECB2C00C28A00 /* Wireframe */ = {
			isa = PBXGroup;
			children = (
				8336AB9B208ECB4300C28A00 /* AddWireframe.swift */,
			);
			path = Wireframe;
			sourceTree = "<group>";
		};
		8336AB9D208ECBC800C28A00 /* User Interface */ = {
			isa = PBXGroup;
			children = (
				8336ABB22090145300C28A00 /* Transition */,
				8336ABA8208F033300C28A00 /* Presenter */,
				8336AB9E208ECBE100C28A00 /* View */,
				8336AB9A208ECB2C00C28A00 /* Wireframe */,
			);
			path = "User Interface";
			sourceTree = "<group>";
		};
		8336AB9E208ECBE100C28A00 /* View */ = {
			isa = PBXGroup;
			children = (
				8336AB9F208ECC0800C28A00 /* AddViewController.swift */,
				8336ABA6208ECD1F00C28A00 /* AddViewInterface.swift */,
			);
			path = View;
			sourceTree = "<group>";
		};
		8336ABA1208ECC2300C28A00 /* Module Interface */ = {
			isa = PBXGroup;
			children = (
				8336ABA2208ECC4700C28A00 /* AddModuleInterface.swift */,
				8336ABA4208ECC8400C28A00 /* AddModuleDelegateInterface.swift */,
			);
			path = "Module Interface";
			sourceTree = "<group>";
		};
		8336ABA8208F033300C28A00 /* Presenter */ = {
			isa = PBXGroup;
			children = (
				8336ABA9208F034700C28A00 /* AddPresenter.swift */,
			);
			path = Presenter;
			sourceTree = "<group>";
		};
		8336ABAB208F046000C28A00 /* Application Logic */ = {
			isa = PBXGroup;
			children = (
				8336ABAD208F047600C28A00 /* Manager */,
				8336ABAC208F046E00C28A00 /* Interactor */,
			);
			path = "Application Logic";
			sourceTree = "<group>";
		};
		8336ABAC208F046E00C28A00 /* Interactor */ = {
			isa = PBXGroup;
			children = (
				8336ABAE208F047F00C28A00 /* AddInteractor.swift */,
			);
			path = Interactor;
			sourceTree = "<group>";
		};
		8336ABAD208F047600C28A00 /* Manager */ = {
			isa = PBXGroup;
			children = (
				8336ABB0208F04F900C28A00 /* AddDataManager.swift */,
			);
			path = Manager;
			sourceTree = "<group>";
		};
		8336ABB22090145300C28A00 /* Transition */ = {
			isa = PBXGroup;
			children = (
				8336ABB32090146700C28A00 /* AddDismissalTransition.swift */,
				8336ABB520901FA300C28A00 /* AddPresentationTransition.swift */,
			);
			path = Transition;
			sourceTree = "<group>";
		};
		8357DA5420481DA600B4C29A /* Extension */ = {
			isa = PBXGroup;
			children = (
				8357DA5520481F0000B4C29A /* Calendar+CalendarAdditions.swift */,
				8357DA582048DDCE00B4C29A /* Array+HOM.swift */,
				8336ABB72091DA7E00C28A00 /* UIImage+ImageEffect.swift */,
			);
			path = Extension;
			sourceTree = "<group>";
		};
		836CB0592043D3560020376D /* Common */ = {
			isa = PBXGroup;
			children = (
				8311DD13204C011F00397BB4 /* Interface */,
				8357DA5420481DA600B4C29A /* Extension */,
				836CB061204426440020376D /* Store */,
				836CB060204426370020376D /* Model */,
				836CB05A2043D3610020376D /* View */,
			);
			path = Common;
			sourceTree = "<group>";
		};
		836CB05A2043D3610020376D /* View */ = {
			isa = PBXGroup;
			children = (
				836CB05B2043D3760020376D /* RootWireframe.swift */,
			);
			path = View;
			sourceTree = "<group>";
		};
		836CB05D2043D5220020376D /* Wireframe */ = {
			isa = PBXGroup;
			children = (
				836CB05E2043D5320020376D /* ListWireframe.swift */,
			);
			path = Wireframe;
			sourceTree = "<group>";
		};
		836CB060204426370020376D /* Model */ = {
			isa = PBXGroup;
			children = (
				836CB062204426610020376D /* TodoItem.swift */,
				836CB065204427F70020376D /* NearTermDateRelation.swift */,
			);
			path = Model;
			sourceTree = "<group>";
		};
		836CB061204426440020376D /* Store */ = {
			isa = PBXGroup;
			children = (
				836CB069204521E10020376D /* Entity */,
				836CB0672044DFB80020376D /* CoreDataStore.swift */,
				836CB06C204526A50020376D /* TODO.xcdatamodeld */,
			);
			path = Store;
			sourceTree = "<group>";
		};
		836CB069204521E10020376D /* Entity */ = {
			isa = PBXGroup;
			children = (
				836CB06A204521F40020376D /* ManagedTodoItem.swift */,
			);
			path = Entity;
			sourceTree = "<group>";
		};
		836CB06F204526ED0020376D /* Frameworks */ = {
			isa = PBXGroup;
			children = (
				836CB070204526ED0020376D /* CoreData.framework */,
			);
			name = Frameworks;
			sourceTree = "<group>";
		};
		836CB09320467F750020376D /* Application Logic */ = {
			isa = PBXGroup;
			children = (
				83D547FE204AF499005D55B2 /* Interactor */,
				836CB09420467F8C0020376D /* Manager */,
			);
			path = "Application Logic";
			sourceTree = "<group>";
		};
		836CB09420467F8C0020376D /* Manager */ = {
			isa = PBXGroup;
			children = (
				836CB09520467FA20020376D /* ListDataManager.swift */,
			);
			path = Manager;
			sourceTree = "<group>";
		};
		836EFEAD203EFE220084B86E /* Modules */ = {
			isa = PBXGroup;
			children = (
				8336AB99208ECB2100C28A00 /* Add */,
				836EFEAE203EFE2E0084B86E /* List */,
			);
			path = Modules;
			sourceTree = "<group>";
		};
		836EFEAE203EFE2E0084B86E /* List */ = {
			isa = PBXGroup;
			children = (
				83D547FF204AF4A4005D55B2 /* Module Interface */,
				836CB09320467F750020376D /* Application Logic */,
				836EFEAF203EFE3E0084B86E /* User Interface */,
			);
			path = List;
			sourceTree = "<group>";
		};
		836EFEAF203EFE3E0084B86E /* User Interface */ = {
			isa = PBXGroup;
			children = (
				83D547FD204AF489005D55B2 /* Prensenter */,
				836CB05D2043D5220020376D /* Wireframe */,
				836EFEB0203EFE470084B86E /* View */,
			);
			path = "User Interface";
			sourceTree = "<group>";
		};
		836EFEB0203EFE470084B86E /* View */ = {
			isa = PBXGroup;
			children = (
				836EFEB1203EFE760084B86E /* ListViewController.swift */,
				836EFEB3203EFE950084B86E /* ListViewInterface.swift */,
			);
			path = View;
			sourceTree = "<group>";
		};
		83D547FD204AF489005D55B2 /* Prensenter */ = {
			isa = PBXGroup;
			children = (
				8311DD11204BFB0B00397BB4 /* UpcomingDisplayData.swift */,
				8399E942204D68A000AF7C2A /* UpcomingDisplaySection.swift */,
				8399E944204E215E00AF7C2A /* UpcomingDisplayItem.swift */,
				8336AB8B208B25D500C28A00 /* ListPresenter.swift */,
				8336AB97208D826F00C28A00 /* UpcomingDisplayDataCollector.swift */,
			);
			path = Prensenter;
			sourceTree = "<group>";
		};
		83D547FE204AF499005D55B2 /* Interactor */ = {
			isa = PBXGroup;
			children = (
				8336AB8D208B268600C28A00 /* ListInteractorIO.swift */,
				8336AB8F208B45A300C28A00 /* ListInteractor.swift */,
				8336AB93208CA0F200C28A00 /* UpcomingItem.swift */,
			);
			path = Interactor;
			sourceTree = "<group>";
		};
		83D547FF204AF4A4005D55B2 /* Module Interface */ = {
			isa = PBXGroup;
			children = (
				8311DD0F204BC02300397BB4 /* ListModuleInterface.swift */,
			);
			path = "Module Interface";
			sourceTree = "<group>";
		};
/* End PBXGroup section */

/* Begin PBXNativeTarget section */
		830F10B52034055E000516A9 /* ViperCase */ = {
			isa = PBXNativeTarget;
			buildConfigurationList = 830F10D32034055E000516A9 /* Build configuration list for PBXNativeTarget "ViperCase" */;
			buildPhases = (
				830F10B22034055E000516A9 /* Sources */,
				830F10B32034055E000516A9 /* Frameworks */,
				830F10B42034055E000516A9 /* Resources */,
			);
			buildRules = (
			);
			dependencies = (
			);
			name = ViperCase;
			productName = case;
			productReference = 830F10B62034055E000516A9 /* ViperCase.app */;
			productType = "com.apple.product-type.application";
		};
		830F10C92034055E000516A9 /* ViperCaseTests */ = {
			isa = PBXNativeTarget;
			buildConfigurationList = 830F10D62034055E000516A9 /* Build configuration list for PBXNativeTarget "ViperCaseTests" */;
			buildPhases = (
				830F10C62034055E000516A9 /* Sources */,
				830F10C72034055E000516A9 /* Frameworks */,
				830F10C82034055E000516A9 /* Resources */,
			);
			buildRules = (
			);
			dependencies = (
				830F10CC2034055E000516A9 /* PBXTargetDependency */,
			);
			name = ViperCaseTests;
			productName = caseTests;
			productReference = 830F10CA2034055E000516A9 /* ViperCaseTests.xctest */;
			productType = "com.apple.product-type.bundle.unit-test";
		};
/* End PBXNativeTarget section */

/* Begin PBXProject section */
		830F10AE2034055E000516A9 /* Project object */ = {
			isa = PBXProject;
			attributes = {
				LastSwiftUpdateCheck = 0920;
				LastUpgradeCheck = 0930;
				ORGANIZATIONNAME = towry;
				TargetAttributes = {
					830F10B52034055E000516A9 = {
						CreatedOnToolsVersion = 9.2;
						ProvisioningStyle = Automatic;
					};
					830F10C92034055E000516A9 = {
						CreatedOnToolsVersion = 9.2;
						ProvisioningStyle = Automatic;
						TestTargetID = 830F10B52034055E000516A9;
					};
				};
			};
			buildConfigurationList = 830F10B12034055E000516A9 /* Build configuration list for PBXProject "ViperCase" */;
			compatibilityVersion = "Xcode 8.0";
			developmentRegion = en;
			hasScannedForEncodings = 0;
			knownRegions = (
				en,
				Base,
			);
			mainGroup = 830F10AD2034055E000516A9;
			productRefGroup = 830F10B72034055E000516A9 /* Products */;
			projectDirPath = "";
			projectRoot = "";
			targets = (
				830F10B52034055E000516A9 /* ViperCase */,
				830F10C92034055E000516A9 /* ViperCaseTests */,
			);
		};
/* End PBXProject section */

/* Begin PBXResourcesBuildPhase section */
		830F10B42034055E000516A9 /* Resources */ = {
			isa = PBXResourcesBuildPhase;
			buildActionMask = 2147483647;
			files = (
				830F10E320381DA3000516A9 /* Assets.xcassets in Resources */,
				830F10E220381D9D000516A9 /* LaunchScreen.storyboard in Resources */,
				830F10E120381CC9000516A9 /* Default-568h@2x.png in Resources */,
				836EFEAC203EF8CE0084B86E /* Main.storyboard in Resources */,
			);
			runOnlyForDeploymentPostprocessing = 0;
		};
		830F10C82034055E000516A9 /* Resources */ = {
			isa = PBXResourcesBuildPhase;
			buildActionMask = 2147483647;
			files = (
			);
			runOnlyForDeploymentPostprocessing = 0;
		};
/* End PBXResourcesBuildPhase section */

/* Begin PBXSourcesBuildPhase section */
		830F10B22034055E000516A9 /* Sources */ = {
			isa = PBXSourcesBuildPhase;
			buildActionMask = 2147483647;
			files = (
				836CB0682044DFB80020376D /* CoreDataStore.swift in Sources */,
				836CB09620467FA20020376D /* ListDataManager.swift in Sources */,
				836CB063204426610020376D /* TodoItem.swift in Sources */,
				8336AB90208B45A300C28A00 /* ListInteractor.swift in Sources */,
				8336ABAA208F034700C28A00 /* AddPresenter.swift in Sources */,
				8336ABB1208F04F900C28A00 /* AddDataManager.swift in Sources */,
				8311DD10204BC02300397BB4 /* ListModuleInterface.swift in Sources */,
				8336AB98208D826F00C28A00 /* UpcomingDisplayDataCollector.swift in Sources */,
				8336ABA7208ECD1F00C28A00 /* AddViewInterface.swift in Sources */,
				830F10E52038260D000516A9 /* AppDependencies.swift in Sources */,
				8336ABA3208ECC4700C28A00 /* AddModuleInterface.swift in Sources */,
				8336AB94208CA0F200C28A00 /* UpcomingItem.swift in Sources */,
				8336AB9C208ECB4300C28A00 /* AddWireframe.swift in Sources */,
				836CB05C2043D3760020376D /* RootWireframe.swift in Sources */,
				8311DD12204BFB0B00397BB4 /* UpcomingDisplayData.swift in Sources */,
				836CB05F2043D5320020376D /* ListWireframe.swift in Sources */,
				8336ABA5208ECC8400C28A00 /* AddModuleDelegateInterface.swift in Sources */,
				836EFEB2203EFE760084B86E /* ListViewController.swift in Sources */,
				8336AB8C208B25D500C28A00 /* ListPresenter.swift in Sources */,
				8399E943204D68A000AF7C2A /* UpcomingDisplaySection.swift in Sources */,
				8336ABB42090146700C28A00 /* AddDismissalTransition.swift in Sources */,
				8336ABA0208ECC0800C28A00 /* AddViewController.swift in Sources */,
				836CB06E204526A50020376D /* TODO.xcdatamodeld in Sources */,
				8399E945204E215E00AF7C2A /* UpcomingDisplayItem.swift in Sources */,
				8336ABB82091DA7E00C28A00 /* UIImage+ImageEffect.swift in Sources */,
				8357DA592048DDCE00B4C29A /* Array+HOM.swift in Sources */,
				8357DA5620481F0000B4C29A /* Calendar+CalendarAdditions.swift in Sources */,
				836EFEB4203EFE950084B86E /* ListViewInterface.swift in Sources */,
				8336ABAF208F047F00C28A00 /* AddInteractor.swift in Sources */,
				8336AB8E208B268600C28A00 /* ListInteractorIO.swift in Sources */,
				830F10DD20381BAB000516A9 /* AppDelegate.swift in Sources */,
				836CB06B204521F40020376D /* ManagedTodoItem.swift in Sources */,
				8336ABB620901FA300C28A00 /* AddPresentationTransition.swift in Sources */,
				836CB066204427F70020376D /* NearTermDateRelation.swift in Sources */,
			);
			runOnlyForDeploymentPostprocessing = 0;
		};
		830F10C62034055E000516A9 /* Sources */ = {
			isa = PBXSourcesBuildPhase;
			buildActionMask = 2147483647;
			files = (
				83D547FC204AE8A7005D55B2 /* Array+HOM-Case.swift in Sources */,
				830F10CF2034055E000516A9 /* ViperCase.swift in Sources */,
			);
			runOnlyForDeploymentPostprocessing = 0;
		};
/* End PBXSourcesBuildPhase section */

/* Begin PBXTargetDependency section */
		830F10CC2034055E000516A9 /* PBXTargetDependency */ = {
			isa = PBXTargetDependency;
			target = 830F10B52034055E000516A9 /* ViperCase */;
			targetProxy = 830F10CB2034055E000516A9 /* PBXContainerItemProxy */;
		};
/* End PBXTargetDependency section */

/* Begin PBXVariantGroup section */
		830F10C22034055E000516A9 /* LaunchScreen.storyboard */ = {
			isa = PBXVariantGroup;
			children = (
				830F10C32034055E000516A9 /* Base */,
			);
			name = LaunchScreen.storyboard;
			sourceTree = "<group>";
		};
/* End PBXVariantGroup section */

/* Begin XCBuildConfiguration section */
		830F10D12034055E000516A9 /* Debug */ = {
			isa = XCBuildConfiguration;
			buildSettings = {
				ALWAYS_SEARCH_USER_PATHS = NO;
				CLANG_ANALYZER_NONNULL = YES;
				CLANG_ANALYZER_NUMBER_OBJECT_CONVERSION = YES_AGGRESSIVE;
				CLANG_CXX_LANGUAGE_STANDARD = "gnu++14";
				CLANG_CXX_LIBRARY = "libc++";
				CLANG_ENABLE_MODULES = YES;
				CLANG_ENABLE_OBJC_ARC = YES;
				CLANG_WARN_BLOCK_CAPTURE_AUTORELEASING = YES;
				CLANG_WARN_BOOL_CONVERSION = YES;
				CLANG_WARN_COMMA = YES;
				CLANG_WARN_CONSTANT_CONVERSION = YES;
				CLANG_WARN_DEPRECATED_OBJC_IMPLEMENTATIONS = YES;
				CLANG_WARN_DIRECT_OBJC_ISA_USAGE = YES_ERROR;
				CLANG_WARN_DOCUMENTATION_COMMENTS = YES;
				CLANG_WARN_EMPTY_BODY = YES;
				CLANG_WARN_ENUM_CONVERSION = YES;
				CLANG_WARN_INFINITE_RECURSION = YES;
				CLANG_WARN_INT_CONVERSION = YES;
				CLANG_WARN_NON_LITERAL_NULL_CONVERSION = YES;
				CLANG_WARN_OBJC_IMPLICIT_RETAIN_SELF = YES;
				CLANG_WARN_OBJC_LITERAL_CONVERSION = YES;
				CLANG_WARN_OBJC_ROOT_CLASS = YES_ERROR;
				CLANG_WARN_RANGE_LOOP_ANALYSIS = YES;
				CLANG_WARN_STRICT_PROTOTYPES = YES;
				CLANG_WARN_SUSPICIOUS_MOVE = YES;
				CLANG_WARN_UNGUARDED_AVAILABILITY = YES_AGGRESSIVE;
				CLANG_WARN_UNREACHABLE_CODE = YES;
				CLANG_WARN__DUPLICATE_METHOD_MATCH = YES;
				CODE_SIGN_IDENTITY = "iPhone Developer";
				COPY_PHASE_STRIP = NO;
				DEBUG_INFORMATION_FORMAT = dwarf;
				ENABLE_STRICT_OBJC_MSGSEND = YES;
				ENABLE_TESTABILITY = YES;
				GCC_C_LANGUAGE_STANDARD = gnu11;
				GCC_DYNAMIC_NO_PIC = NO;
				GCC_NO_COMMON_BLOCKS = YES;
				GCC_OPTIMIZATION_LEVEL = 0;
				GCC_PREPROCESSOR_DEFINITIONS = (
					"DEBUG=1",
					"$(inherited)",
				);
				GCC_WARN_64_TO_32_BIT_CONVERSION = YES;
				GCC_WARN_ABOUT_RETURN_TYPE = YES_ERROR;
				GCC_WARN_UNDECLARED_SELECTOR = YES;
				GCC_WARN_UNINITIALIZED_AUTOS = YES_AGGRESSIVE;
				GCC_WARN_UNUSED_FUNCTION = YES;
				GCC_WARN_UNUSED_VARIABLE = YES;
				IPHONEOS_DEPLOYMENT_TARGET = 11.2;
				MTL_ENABLE_DEBUG_INFO = YES;
				ONLY_ACTIVE_ARCH = YES;
				SDKROOT = iphoneos;
				SWIFT_ACTIVE_COMPILATION_CONDITIONS = DEBUG;
				SWIFT_OPTIMIZATION_LEVEL = "-Onone";
			};
			name = Debug;
		};
		830F10D22034055E000516A9 /* Release */ = {
			isa = XCBuildConfiguration;
			buildSettings = {
				ALWAYS_SEARCH_USER_PATHS = NO;
				CLANG_ANALYZER_NONNULL = YES;
				CLANG_ANALYZER_NUMBER_OBJECT_CONVERSION = YES_AGGRESSIVE;
				CLANG_CXX_LANGUAGE_STANDARD = "gnu++14";
				CLANG_CXX_LIBRARY = "libc++";
				CLANG_ENABLE_MODULES = YES;
				CLANG_ENABLE_OBJC_ARC = YES;
				CLANG_WARN_BLOCK_CAPTURE_AUTORELEASING = YES;
				CLANG_WARN_BOOL_CONVERSION = YES;
				CLANG_WARN_COMMA = YES;
				CLANG_WARN_CONSTANT_CONVERSION = YES;
				CLANG_WARN_DEPRECATED_OBJC_IMPLEMENTATIONS = YES;
				CLANG_WARN_DIRECT_OBJC_ISA_USAGE = YES_ERROR;
				CLANG_WARN_DOCUMENTATION_COMMENTS = YES;
				CLANG_WARN_EMPTY_BODY = YES;
				CLANG_WARN_ENUM_CONVERSION = YES;
				CLANG_WARN_INFINITE_RECURSION = YES;
				CLANG_WARN_INT_CONVERSION = YES;
				CLANG_WARN_NON_LITERAL_NULL_CONVERSION = YES;
				CLANG_WARN_OBJC_IMPLICIT_RETAIN_SELF = YES;
				CLANG_WARN_OBJC_LITERAL_CONVERSION = YES;
				CLANG_WARN_OBJC_ROOT_CLASS = YES_ERROR;
				CLANG_WARN_RANGE_LOOP_ANALYSIS = YES;
				CLANG_WARN_STRICT_PROTOTYPES = YES;
				CLANG_WARN_SUSPICIOUS_MOVE = YES;
				CLANG_WARN_UNGUARDED_AVAILABILITY = YES_AGGRESSIVE;
				CLANG_WARN_UNREACHABLE_CODE = YES;
				CLANG_WARN__DUPLICATE_METHOD_MATCH = YES;
				CODE_SIGN_IDENTITY = "iPhone Developer";
				COPY_PHASE_STRIP = NO;
				DEBUG_INFORMATION_FORMAT = "dwarf-with-dsym";
				ENABLE_NS_ASSERTIONS = NO;
				ENABLE_STRICT_OBJC_MSGSEND = YES;
				GCC_C_LANGUAGE_STANDARD = gnu11;
				GCC_NO_COMMON_BLOCKS = YES;
				GCC_WARN_64_TO_32_BIT_CONVERSION = YES;
				GCC_WARN_ABOUT_RETURN_TYPE = YES_ERROR;
				GCC_WARN_UNDECLARED_SELECTOR = YES;
				GCC_WARN_UNINITIALIZED_AUTOS = YES_AGGRESSIVE;
				GCC_WARN_UNUSED_FUNCTION = YES;
				GCC_WARN_UNUSED_VARIABLE = YES;
				IPHONEOS_DEPLOYMENT_TARGET = 11.2;
				MTL_ENABLE_DEBUG_INFO = NO;
				SDKROOT = iphoneos;
				SWIFT_OPTIMIZATION_LEVEL = "-Owholemodule";
				VALIDATE_PRODUCT = YES;
			};
			name = Release;
		};
		830F10D42034055E000516A9 /* Debug */ = {
			isa = XCBuildConfiguration;
			buildSettings = {
				ASSETCATALOG_COMPILER_APPICON_NAME = AppIcon;
				"CODE_SIGN_IDENTITY[sdk=iphoneos*]" = "iPhone Developer";
				CODE_SIGN_STYLE = Automatic;
				DEVELOPMENT_TEAM = 5S95K97BRD;
				INFOPLIST_FILE = "ViperCase/Supporting Files/Info.plist";
				LD_RUNPATH_SEARCH_PATHS = "$(inherited) @executable_path/Frameworks";
				PRODUCT_BUNDLE_IDENTIFIER = me.towry.ViperCase;
				PRODUCT_NAME = "$(TARGET_NAME)";
				PROVISIONING_PROFILE_SPECIFIER = "";
				SWIFT_VERSION = 4.0;
				TARGETED_DEVICE_FAMILY = "1,2";
			};
			name = Debug;
		};
		830F10D52034055E000516A9 /* Release */ = {
			isa = XCBuildConfiguration;
			buildSettings = {
				ASSETCATALOG_COMPILER_APPICON_NAME = AppIcon;
				"CODE_SIGN_IDENTITY[sdk=iphoneos*]" = "iPhone Developer";
				CODE_SIGN_STYLE = Automatic;
				DEVELOPMENT_TEAM = 5S95K97BRD;
				INFOPLIST_FILE = "ViperCase/Supporting Files/Info.plist";
				LD_RUNPATH_SEARCH_PATHS = "$(inherited) @executable_path/Frameworks";
				PRODUCT_BUNDLE_IDENTIFIER = me.towry.ViperCase;
				PRODUCT_NAME = "$(TARGET_NAME)";
				PROVISIONING_PROFILE_SPECIFIER = "";
				SWIFT_VERSION = 4.0;
				TARGETED_DEVICE_FAMILY = "1,2";
			};
			name = Release;
		};
		830F10D72034055E000516A9 /* Debug */ = {
			isa = XCBuildConfiguration;
			buildSettings = {
				ALWAYS_EMBED_SWIFT_STANDARD_LIBRARIES = YES;
				BUNDLE_LOADER = "$(TEST_HOST)";
				CODE_SIGN_STYLE = Automatic;
				DEVELOPMENT_TEAM = 5S95K97BRD;
				INFOPLIST_FILE = ViperCaseTests/Info.plist;
				LD_RUNPATH_SEARCH_PATHS = "$(inherited) @executable_path/Frameworks @loader_path/Frameworks";
				PRODUCT_BUNDLE_IDENTIFIER = me.towry.caseTests;
				PRODUCT_NAME = "$(TARGET_NAME)";
				SWIFT_VERSION = 4.0;
				TARGETED_DEVICE_FAMILY = "1,2";
				TEST_HOST = "$(BUILT_PRODUCTS_DIR)/ViperCase.app/ViperCase";
			};
			name = Debug;
		};
		830F10D82034055E000516A9 /* Release */ = {
			isa = XCBuildConfiguration;
			buildSettings = {
				ALWAYS_EMBED_SWIFT_STANDARD_LIBRARIES = YES;
				BUNDLE_LOADER = "$(TEST_HOST)";
				CODE_SIGN_STYLE = Automatic;
				DEVELOPMENT_TEAM = 5S95K97BRD;
				INFOPLIST_FILE = ViperCaseTests/Info.plist;
				LD_RUNPATH_SEARCH_PATHS = "$(inherited) @executable_path/Frameworks @loader_path/Frameworks";
				PRODUCT_BUNDLE_IDENTIFIER = me.towry.caseTests;
				PRODUCT_NAME = "$(TARGET_NAME)";
				SWIFT_VERSION = 4.0;
				TARGETED_DEVICE_FAMILY = "1,2";
				TEST_HOST = "$(BUILT_PRODUCTS_DIR)/ViperCase.app/ViperCase";
			};
			name = Release;
		};
/* End XCBuildConfiguration section */

/* Begin XCConfigurationList section */
		830F10B12034055E000516A9 /* Build configuration list for PBXProject "ViperCase" */ = {
			isa = XCConfigurationList;
			buildConfigurations = (
				830F10D12034055E000516A9 /* Debug */,
				830F10D22034055E000516A9 /* Release */,
			);
			defaultConfigurationIsVisible = 0;
			defaultConfigurationName = Release;
		};
		830F10D32034055E000516A9 /* Build configuration list for PBXNativeTarget "ViperCase" */ = {
			isa = XCConfigurationList;
			buildConfigurations = (
				830F10D42034055E000516A9 /* Debug */,
				830F10D52034055E000516A9 /* Release */,
			);
			defaultConfigurationIsVisible = 0;
			defaultConfigurationName = Release;
		};
		830F10D62034055E000516A9 /* Build configuration list for PBXNativeTarget "ViperCaseTests" */ = {
			isa = XCConfigurationList;
			buildConfigurations = (
				830F10D72034055E000516A9 /* Debug */,
				830F10D82034055E000516A9 /* Release */,
			);
			defaultConfigurationIsVisible = 0;
			defaultConfigurationName = Release;
		};
/* End XCConfigurationList section */

/* Begin XCVersionGroup section */
		836CB06C204526A50020376D /* TODO.xcdatamodeld */ = {
			isa = XCVersionGroup;
			children = (
				836CB06D204526A50020376D /* TODO.xcdatamodel */,
			);
			currentVersion = 836CB06D204526A50020376D /* TODO.xcdatamodel */;
			path = TODO.xcdatamodeld;
			sourceTree = "<group>";
			versionGroupType = wrapper.xcdatamodel;
		};
/* End XCVersionGroup section */
	};
	rootObject = 830F10AE2034055E000516A9 /* Project object */;
}
